
Microsoft Visual Studio Solution File, Format Version 12.00
# Visual Studio Version 17
VisualStudioVersion = 17.5.33502.453
MinimumVisualStudioVersion = 10.0.40219.1
Project("{8BC9CEB8-8B4A-11D0-8D11-00A0C91BC942}") = "paradigmaoop2_174", "paradigmaoop2_174\paradigmaoop2_174.vcxproj", "{2F573A04-D427-46D1-8B4E-5ABBE99863D8}"
EndProject
Global
	GlobalSection(SolutionConfigurationPlatforms) = preSolution
		Debug|x64 = Debug|x64
		Debug|x86 = Debug|x86
		Release|x64 = Release|x64
		Release|x86 = Release|x86
	EndGlobalSection
	GlobalSection(ProjectConfigurationPlatforms) = postSolution
		{2F573A04-D427-46D1-8B4E-5ABBE99863D8}.Debug|x64.ActiveCfg = Debug|x64
		{2F573A04-D427-46D1-8B4E-5ABBE99863D8}.Debug|x64.Build.0 = Debug|x64
		{2F573A04-D427-46D1-8B4E-5ABBE99863D8}.Debug|x86.ActiveCfg = Debug|Win32
		{2F573A04-D427-46D1-8B4E-5ABBE99863D8}.Debug|x86.Build.0 = Debug|Win32
		{2F573A04-D427-46D1-8B4E-5ABBE99863D8}.Release|x64.ActiveCfg = Release|x64
		{2F573A04-D427-46D1-8B4E-5ABBE99863D8}.Release|x64.Build.0 = Release|x64
		{2F573A04-D427-46D1-8B4E-5ABBE99863D8}.Release|x86.ActiveCfg = Release|Win32
		{2F573A04-D427-46D1-8B4E-5ABBE99863D8}.Release|x86.Build.0 = Release|Win32
	EndGlobalSection
	GlobalSection(SolutionProperties) = preSolution
		HideSolutionNode = FALSE
	EndGlobalSection
	GlobalSection(ExtensibilityGlobals) = postSolution
		SolutionGuid = {59799C8C-48B6-434B-AE60-E43A0518566F}
	EndGlobalSection
EndGlobal
